
Microsoft Visual Studio Solution File, Format Version 12.00
# Visual Studio Version 17
VisualStudioVersion = 17.8.34004.107
MinimumVisualStudioVersion = 10.0.40219.1
Project("{9A19103F-16F7-4668-BE54-9A1E7A4F7556}") = "DataLibrary", "DataLibrary\DataLibrary.csproj", "{8267A9B8-45AA-4490-A36C-847248D307EB}"
EndProject
Project("{9A19103F-16F7-4668-BE54-9A1E7A4F7556}") = "WpfUi", "WpfUi\WpfUi.csproj", "{CF554E6B-6E01-48D6-9E27-D9ADE1A07041}"
EndProject
Global
	GlobalSection(SolutionConfigurationPlatforms) = preSolution
		Debug|Any CPU = Debug|Any CPU
		Release|Any CPU = Release|Any CPU
	EndGlobalSection
	GlobalSection(ProjectConfigurationPlatforms) = postSolution
		{8267A9B8-45AA-4490-A36C-847248D307EB}.Debug|Any CPU.ActiveCfg = Debug|Any CPU
		{8267A9B8-45AA-4490-A36C-847248D307EB}.Debug|Any CPU.Build.0 = Debug|Any CPU
		{8267A9B8-45AA-4490-A36C-847248D307EB}.Release|Any CPU.ActiveCfg = Release|Any CPU
		{8267A9B8-45AA-4490-A36C-847248D307EB}.Release|Any CPU.Build.0 = Release|Any CPU
		{CF554E6B-6E01-48D6-9E27-D9ADE1A07041}.Debug|Any CPU.ActiveCfg = Debug|Any CPU
		{CF554E6B-6E01-48D6-9E27-D9ADE1A07041}.Debug|Any CPU.Build.0 = Debug|Any CPU
		{CF554E6B-6E01-48D6-9E27-D9ADE1A07041}.Release|Any CPU.ActiveCfg = Release|Any CPU
		{CF554E6B-6E01-48D6-9E27-D9ADE1A07041}.Release|Any CPU.Build.0 = Release|Any CPU
	EndGlobalSection
	GlobalSection(SolutionProperties) = preSolution
		HideSolutionNode = FALSE
	EndGlobalSection
	GlobalSection(ExtensibilityGlobals) = postSolution
		SolutionGuid = {0640AA0E-FD25-46B0-A854-C22F83F10DDF}
	EndGlobalSection
EndGlobal
